
Microsoft Visual Studio Solution File, Format Version 12.00
# Visual Studio 2012
Project("{FAE04EC0-301F-11D3-BF4B-00C04F79EFBC}") = "ToTypeScriptD", "ToTypeScriptD\ToTypeScriptD.csproj", "{128A58CF-D911-4C50-B20F-3AFA6D75CAE8}"
EndProject
Project("{FAE04EC0-301F-11D3-BF4B-00C04F79EFBC}") = "ToTypeScriptD.Tests", "ToTypeScriptD.Tests\ToTypeScriptD.Tests.csproj", "{7539E4F5-4829-4D53-90B3-6FBA87878F38}"
EndProject
Project("{FAE04EC0-301F-11D3-BF4B-00C04F79EFBC}") = "ToTypeScriptD.Core", "ToTypeScriptD.Core\ToTypeScriptD.Core.csproj", "{FEA71855-6F65-45CB-97C4-51F1891904F6}"
EndProject
Project("{8BC9CEB8-8B4A-11D0-8D11-00A0C91BC942}") = "ToTypeScriptD.Native", "ToTypeScriptD.Native\ToTypeScriptD.Native.vcxproj", "{2A7F284B-49F4-4BD0-AF46-F0C33D90AE89}"
EndProject
Project("{262852C6-CD72-467D-83FE-5EEB1973A190}") = "ToTypeScriptD.Tests.JavascriptTests", "ToTypeScriptD.Tests.JavascriptTests\ToTypeScriptD.Tests.JavascriptTests.jsproj", "{D38263DA-ECC3-4351-825C-2A9997C905C4}"
	ProjectSection(ProjectDependencies) = postProject
		{C7F85246-C5D8-44B0-A125-E526E24F900B} = {C7F85246-C5D8-44B0-A125-E526E24F900B}
		{128A58CF-D911-4C50-B20F-3AFA6D75CAE8} = {128A58CF-D911-4C50-B20F-3AFA6D75CAE8}
	EndProjectSection
EndProject
Project("{FAE04EC0-301F-11D3-BF4B-00C04F79EFBC}") = "ToTypeScriptD.TestAssembly.CSharp", "ToTypeScriptD.TestAssembly.CSharp\ToTypeScriptD.TestAssembly.CSharp.csproj", "{C7F85246-C5D8-44B0-A125-E526E24F900B}"
EndProject
Project("{2150E333-8FDC-42A3-9474-1A3956D46DE8}") = "SharedItems", "SharedItems", "{A9C25E8C-8B6E-44E2-932B-A95F7EF232A9}"
EndProject
Global
	GlobalSection(SolutionConfigurationPlatforms) = preSolution
		Debug|Any CPU = Debug|Any CPU
		Debug|ARM = Debug|ARM
		Debug|Mixed Platforms = Debug|Mixed Platforms
		Debug|Win32 = Debug|Win32
		Debug|x64 = Debug|x64
		Debug|x86 = Debug|x86
		Release|Any CPU = Release|Any CPU
		Release|ARM = Release|ARM
		Release|Mixed Platforms = Release|Mixed Platforms
		Release|Win32 = Release|Win32
		Release|x64 = Release|x64
		Release|x86 = Release|x86
	EndGlobalSection
	GlobalSection(ProjectConfigurationPlatforms) = postSolution
		{128A58CF-D911-4C50-B20F-3AFA6D75CAE8}.Debug|Any CPU.ActiveCfg = Debug|Any CPU
		{128A58CF-D911-4C50-B20F-3AFA6D75CAE8}.Debug|Any CPU.Build.0 = Debug|Any CPU
		{128A58CF-D911-4C50-B20F-3AFA6D75CAE8}.Debug|ARM.ActiveCfg = Debug|Any CPU
		{128A58CF-D911-4C50-B20F-3AFA6D75CAE8}.Debug|Mixed Platforms.ActiveCfg = Debug|Any CPU
		{128A58CF-D911-4C50-B20F-3AFA6D75CAE8}.Debug|Mixed Platforms.Build.0 = Debug|Any CPU
		{128A58CF-D911-4C50-B20F-3AFA6D75CAE8}.Debug|Win32.ActiveCfg = Debug|Any CPU
		{128A58CF-D911-4C50-B20F-3AFA6D75CAE8}.Debug|x64.ActiveCfg = Debug|Any CPU
		{128A58CF-D911-4C50-B20F-3AFA6D75CAE8}.Debug|x86.ActiveCfg = Debug|Any CPU
		{128A58CF-D911-4C50-B20F-3AFA6D75CAE8}.Release|Any CPU.ActiveCfg = Release|Any CPU
		{128A58CF-D911-4C50-B20F-3AFA6D75CAE8}.Release|Any CPU.Build.0 = Release|Any CPU
		{128A58CF-D911-4C50-B20F-3AFA6D75CAE8}.Release|ARM.ActiveCfg = Release|Any CPU
		{128A58CF-D911-4C50-B20F-3AFA6D75CAE8}.Release|Mixed Platforms.ActiveCfg = Release|Any CPU
		{128A58CF-D911-4C50-B20F-3AFA6D75CAE8}.Release|Mixed Platforms.Build.0 = Release|Any CPU
		{128A58CF-D911-4C50-B20F-3AFA6D75CAE8}.Release|Win32.ActiveCfg = Release|Any CPU
		{128A58CF-D911-4C50-B20F-3AFA6D75CAE8}.Release|x64.ActiveCfg = Release|Any CPU
		{128A58CF-D911-4C50-B20F-3AFA6D75CAE8}.Release|x86.ActiveCfg = Release|Any CPU
		{7539E4F5-4829-4D53-90B3-6FBA87878F38}.Debug|Any CPU.ActiveCfg = Debug|Any CPU
		{7539E4F5-4829-4D53-90B3-6FBA87878F38}.Debug|Any CPU.Build.0 = Debug|Any CPU
		{7539E4F5-4829-4D53-90B3-6FBA87878F38}.Debug|ARM.ActiveCfg = Debug|Any CPU
		{7539E4F5-4829-4D53-90B3-6FBA87878F38}.Debug|Mixed Platforms.ActiveCfg = Debug|Any CPU
		{7539E4F5-4829-4D53-90B3-6FBA87878F38}.Debug|Mixed Platforms.Build.0 = Debug|Any CPU
		{7539E4F5-4829-4D53-90B3-6FBA87878F38}.Debug|Win32.ActiveCfg = Debug|Any CPU
		{7539E4F5-4829-4D53-90B3-6FBA87878F38}.Debug|x64.ActiveCfg = Debug|Any CPU
		{7539E4F5-4829-4D53-90B3-6FBA87878F38}.Debug|x86.ActiveCfg = Debug|Any CPU
		{7539E4F5-4829-4D53-90B3-6FBA87878F38}.Release|Any CPU.ActiveCfg = Release|Any CPU
		{7539E4F5-4829-4D53-90B3-6FBA87878F38}.Release|Any CPU.Build.0 = Release|Any CPU
		{7539E4F5-4829-4D53-90B3-6FBA87878F38}.Release|ARM.ActiveCfg = Release|Any CPU
		{7539E4F5-4829-4D53-90B3-6FBA87878F38}.Release|Mixed Platforms.ActiveCfg = Release|Any CPU
		{7539E4F5-4829-4D53-90B3-6FBA87878F38}.Release|Mixed Platforms.Build.0 = Release|Any CPU
		{7539E4F5-4829-4D53-90B3-6FBA87878F38}.Release|Win32.ActiveCfg = Release|Any CPU
		{7539E4F5-4829-4D53-90B3-6FBA87878F38}.Release|x64.ActiveCfg = Release|Any CPU
		{7539E4F5-4829-4D53-90B3-6FBA87878F38}.Release|x86.ActiveCfg = Release|Any CPU
		{FEA71855-6F65-45CB-97C4-51F1891904F6}.Debug|Any CPU.ActiveCfg = Debug|Any CPU
		{FEA71855-6F65-45CB-97C4-51F1891904F6}.Debug|Any CPU.Build.0 = Debug|Any CPU
		{FEA71855-6F65-45CB-97C4-51F1891904F6}.Debug|ARM.ActiveCfg = Debug|Any CPU
		{FEA71855-6F65-45CB-97C4-51F1891904F6}.Debug|Mixed Platforms.ActiveCfg = Debug|Any CPU
		{FEA71855-6F65-45CB-97C4-51F1891904F6}.Debug|Mixed Platforms.Build.0 = Debug|Any CPU
		{FEA71855-6F65-45CB-97C4-51F1891904F6}.Debug|Win32.ActiveCfg = Debug|Any CPU
		{FEA71855-6F65-45CB-97C4-51F1891904F6}.Debug|x64.ActiveCfg = Debug|Any CPU
		{FEA71855-6F65-45CB-97C4-51F1891904F6}.Debug|x86.ActiveCfg = Debug|Any CPU
		{FEA71855-6F65-45CB-97C4-51F1891904F6}.Release|Any CPU.ActiveCfg = Release|Any CPU
		{FEA71855-6F65-45CB-97C4-51F1891904F6}.Release|Any CPU.Build.0 = Release|Any CPU
		{FEA71855-6F65-45CB-97C4-51F1891904F6}.Release|ARM.ActiveCfg = Release|Any CPU
		{FEA71855-6F65-45CB-97C4-51F1891904F6}.Release|Mixed Platforms.ActiveCfg = Release|Any CPU
		{FEA71855-6F65-45CB-97C4-51F1891904F6}.Release|Mixed Platforms.Build.0 = Release|Any CPU
		{FEA71855-6F65-45CB-97C4-51F1891904F6}.Release|Win32.ActiveCfg = Release|Any CPU
		{FEA71855-6F65-45CB-97C4-51F1891904F6}.Release|x64.ActiveCfg = Release|Any CPU
		{FEA71855-6F65-45CB-97C4-51F1891904F6}.Release|x86.ActiveCfg = Release|Any CPU
		{2A7F284B-49F4-4BD0-AF46-F0C33D90AE89}.Debug|Any CPU.ActiveCfg = Debug|Win32
		{2A7F284B-49F4-4BD0-AF46-F0C33D90AE89}.Debug|ARM.ActiveCfg = Debug|ARM
		{2A7F284B-49F4-4BD0-AF46-F0C33D90AE89}.Debug|ARM.Build.0 = Debug|ARM
		{2A7F284B-49F4-4BD0-AF46-F0C33D90AE89}.Debug|Mixed Platforms.ActiveCfg = Debug|Win32
		{2A7F284B-49F4-4BD0-AF46-F0C33D90AE89}.Debug|Mixed Platforms.Build.0 = Debug|Win32
		{2A7F284B-49F4-4BD0-AF46-F0C33D90AE89}.Debug|Win32.ActiveCfg = Debug|Win32
		{2A7F284B-49F4-4BD0-AF46-F0C33D90AE89}.Debug|Win32.Build.0 = Debug|Win32
		{2A7F284B-49F4-4BD0-AF46-F0C33D90AE89}.Debug|x64.ActiveCfg = Debug|x64
		{2A7F284B-49F4-4BD0-AF46-F0C33D90AE89}.Debug|x64.Build.0 = Debug|x64
		{2A7F284B-49F4-4BD0-AF46-F0C33D90AE89}.Debug|x86.ActiveCfg = Debug|Win32
		{2A7F284B-49F4-4BD0-AF46-F0C33D90AE89}.Debug|x86.Build.0 = Debug|Win32
		{2A7F284B-49F4-4BD0-AF46-F0C33D90AE89}.Release|Any CPU.ActiveCfg = Release|Win32
		{2A7F284B-49F4-4BD0-AF46-F0C33D90AE89}.Release|ARM.ActiveCfg = Release|ARM
		{2A7F284B-49F4-4BD0-AF46-F0C33D90AE89}.Release|ARM.Build.0 = Release|ARM
		{2A7F284B-49F4-4BD0-AF46-F0C33D90AE89}.Release|Mixed Platforms.ActiveCfg = Release|Win32
		{2A7F284B-49F4-4BD0-AF46-F0C33D90AE89}.Release|Mixed Platforms.Build.0 = Release|Win32
		{2A7F284B-49F4-4BD0-AF46-F0C33D90AE89}.Release|Win32.ActiveCfg = Release|Win32
		{2A7F284B-49F4-4BD0-AF46-F0C33D90AE89}.Release|Win32.Build.0 = Release|Win32
		{2A7F284B-49F4-4BD0-AF46-F0C33D90AE89}.Release|x64.ActiveCfg = Release|x64
		{2A7F284B-49F4-4BD0-AF46-F0C33D90AE89}.Release|x64.Build.0 = Release|x64
		{2A7F284B-49F4-4BD0-AF46-F0C33D90AE89}.Release|x86.ActiveCfg = Release|Win32
		{2A7F284B-49F4-4BD0-AF46-F0C33D90AE89}.Release|x86.Build.0 = Release|Win32
		{D38263DA-ECC3-4351-825C-2A9997C905C4}.Debug|Any CPU.ActiveCfg = Debug|Any CPU
		{D38263DA-ECC3-4351-825C-2A9997C905C4}.Debug|Any CPU.Build.0 = Debug|Any CPU
		{D38263DA-ECC3-4351-825C-2A9997C905C4}.Debug|Any CPU.Deploy.0 = Debug|Any CPU
		{D38263DA-ECC3-4351-825C-2A9997C905C4}.Debug|ARM.ActiveCfg = Debug|ARM
		{D38263DA-ECC3-4351-825C-2A9997C905C4}.Debug|ARM.Build.0 = Debug|ARM
		{D38263DA-ECC3-4351-825C-2A9997C905C4}.Debug|ARM.Deploy.0 = Debug|ARM
		{D38263DA-ECC3-4351-825C-2A9997C905C4}.Debug|Mixed Platforms.ActiveCfg = Debug|x86
		{D38263DA-ECC3-4351-825C-2A9997C905C4}.Debug|Mixed Platforms.Build.0 = Debug|x86
		{D38263DA-ECC3-4351-825C-2A9997C905C4}.Debug|Mixed Platforms.Deploy.0 = Debug|x86
		{D38263DA-ECC3-4351-825C-2A9997C905C4}.Debug|Win32.ActiveCfg = Debug|x86
		{D38263DA-ECC3-4351-825C-2A9997C905C4}.Debug|Win32.Build.0 = Debug|x86
		{D38263DA-ECC3-4351-825C-2A9997C905C4}.Debug|Win32.Deploy.0 = Debug|x86
		{D38263DA-ECC3-4351-825C-2A9997C905C4}.Debug|x64.ActiveCfg = Debug|x64
		{D38263DA-ECC3-4351-825C-2A9997C905C4}.Debug|x64.Build.0 = Debug|x64
		{D38263DA-ECC3-4351-825C-2A9997C905C4}.Debug|x64.Deploy.0 = Debug|x64
		{D38263DA-ECC3-4351-825C-2A9997C905C4}.Debug|x86.ActiveCfg = Debug|x86
		{D38263DA-ECC3-4351-825C-2A9997C905C4}.Debug|x86.Build.0 = Debug|x86
		{D38263DA-ECC3-4351-825C-2A9997C905C4}.Debug|x86.Deploy.0 = Debug|x86
		{D38263DA-ECC3-4351-825C-2A9997C905C4}.Release|Any CPU.ActiveCfg = Release|Any CPU
		{D38263DA-ECC3-4351-825C-2A9997C905C4}.Release|Any CPU.Build.0 = Release|Any CPU
		{D38263DA-ECC3-4351-825C-2A9997C905C4}.Release|Any CPU.Deploy.0 = Release|Any CPU
		{D38263DA-ECC3-4351-825C-2A9997C905C4}.Release|ARM.ActiveCfg = Release|ARM
		{D38263DA-ECC3-4351-825C-2A9997C905C4}.Release|ARM.Build.0 = Release|ARM
		{D38263DA-ECC3-4351-825C-2A9997C905C4}.Release|ARM.Deploy.0 = Release|ARM
		{D38263DA-ECC3-4351-825C-2A9997C905C4}.Release|Mixed Platforms.ActiveCfg = Release|x86
		{D38263DA-ECC3-4351-825C-2A9997C905C4}.Release|Mixed Platforms.Build.0 = Release|x86
		{D38263DA-ECC3-4351-825C-2A9997C905C4}.Release|Mixed Platforms.Deploy.0 = Release|x86
		{D38263DA-ECC3-4351-825C-2A9997C905C4}.Release|Win32.ActiveCfg = Release|x86
		{D38263DA-ECC3-4351-825C-2A9997C905C4}.Release|Win32.Build.0 = Release|x86
		{D38263DA-ECC3-4351-825C-2A9997C905C4}.Release|Win32.Deploy.0 = Release|x86
		{D38263DA-ECC3-4351-825C-2A9997C905C4}.Release|x64.ActiveCfg = Release|x64
		{D38263DA-ECC3-4351-825C-2A9997C905C4}.Release|x64.Build.0 = Release|x64
		{D38263DA-ECC3-4351-825C-2A9997C905C4}.Release|x64.Deploy.0 = Release|x64
		{D38263DA-ECC3-4351-825C-2A9997C905C4}.Release|x86.ActiveCfg = Release|x86
		{D38263DA-ECC3-4351-825C-2A9997C905C4}.Release|x86.Build.0 = Release|x86
		{D38263DA-ECC3-4351-825C-2A9997C905C4}.Release|x86.Deploy.0 = Release|x86
		{C7F85246-C5D8-44B0-A125-E526E24F900B}.Debug|Any CPU.ActiveCfg = Debug|Any CPU
		{C7F85246-C5D8-44B0-A125-E526E24F900B}.Debug|Any CPU.Build.0 = Debug|Any CPU
		{C7F85246-C5D8-44B0-A125-E526E24F900B}.Debug|ARM.ActiveCfg = Debug|Any CPU
		{C7F85246-C5D8-44B0-A125-E526E24F900B}.Debug|Mixed Platforms.ActiveCfg = Debug|Any CPU
		{C7F85246-C5D8-44B0-A125-E526E24F900B}.Debug|Mixed Platforms.Build.0 = Debug|Any CPU
		{C7F85246-C5D8-44B0-A125-E526E24F900B}.Debug|Win32.ActiveCfg = Debug|Any CPU
		{C7F85246-C5D8-44B0-A125-E526E24F900B}.Debug|x64.ActiveCfg = Debug|Any CPU
		{C7F85246-C5D8-44B0-A125-E526E24F900B}.Debug|x86.ActiveCfg = Debug|Any CPU
		{C7F85246-C5D8-44B0-A125-E526E24F900B}.Release|Any CPU.ActiveCfg = Release|Any CPU
		{C7F85246-C5D8-44B0-A125-E526E24F900B}.Release|Any CPU.Build.0 = Release|Any CPU
		{C7F85246-C5D8-44B0-A125-E526E24F900B}.Release|ARM.ActiveCfg = Release|Any CPU
		{C7F85246-C5D8-44B0-A125-E526E24F900B}.Release|Mixed Platforms.ActiveCfg = Release|Any CPU
		{C7F85246-C5D8-44B0-A125-E526E24F900B}.Release|Mixed Platforms.Build.0 = Release|Any CPU
		{C7F85246-C5D8-44B0-A125-E526E24F900B}.Release|Win32.ActiveCfg = Release|Any CPU
		{C7F85246-C5D8-44B0-A125-E526E24F900B}.Release|x64.ActiveCfg = Release|Any CPU
		{C7F85246-C5D8-44B0-A125-E526E24F900B}.Release|x86.ActiveCfg = Release|Any CPU
	EndGlobalSection
	GlobalSection(SolutionProperties) = preSolution
		HideSolutionNode = FALSE
	EndGlobalSection
EndGlobal
